// !$*UTF8*$!
{
	archiveVersion = 1;
	classes = {
	};
	objectVersion = 55;
	objects = {

/* Begin PBXBuildFile section */
		E3152A3529152D19002FE955 /* test_sound_start.mp3 in Resources */ = {isa = PBXBuildFile; fileRef = E3152A3329152D19002FE955 /* test_sound_start.mp3 */; };
		E3152A3629152D19002FE955 /* test_sound_stop.mp3 in Resources */ = {isa = PBXBuildFile; fileRef = E3152A3429152D19002FE955 /* test_sound_stop.mp3 */; };
		E39888E7290544F300CBFE71 /* spaceage.ttf in Resources */ = {isa = PBXBuildFile; fileRef = E39888E6290544F300CBFE71 /* spaceage.ttf */; };
		E3CFEB5E28FCDD3500903282 /* SwiftUITestApp.swift in Sources */ = {isa = PBXBuildFile; fileRef = E3CFEB5D28FCDD3500903282 /* SwiftUITestApp.swift */; };
		E3CFEB6028FCDD3500903282 /* ContentView.swift in Sources */ = {isa = PBXBuildFile; fileRef = E3CFEB5F28FCDD3500903282 /* ContentView.swift */; };
		E3CFEB6228FCDD3600903282 /* Assets.xcassets in Resources */ = {isa = PBXBuildFile; fileRef = E3CFEB6128FCDD3600903282 /* Assets.xcassets */; };
		E3CFEB6528FCDD3600903282 /* Preview Assets.xcassets in Resources */ = {isa = PBXBuildFile; fileRef = E3CFEB6428FCDD3600903282 /* Preview Assets.xcassets */; };
		E3FFDDE029054F110073CF9C /* SFPRODISPLAYBOLD.OTF in Resources */ = {isa = PBXBuildFile; fileRef = E3FFDDDF29054F110073CF9C /* SFPRODISPLAYBOLD.OTF */; };
/* End PBXBuildFile section */

/* Begin PBXFileReference section */
		E3152A3329152D19002FE955 /* test_sound_start.mp3 */ = {isa = PBXFileReference; lastKnownFileType = audio.mp3; path = test_sound_start.mp3; sourceTree = "<group>"; };
		E3152A3429152D19002FE955 /* test_sound_stop.mp3 */ = {isa = PBXFileReference; lastKnownFileType = audio.mp3; path = test_sound_stop.mp3; sourceTree = "<group>"; };
		E39888E6290544F300CBFE71 /* spaceage.ttf */ = {isa = PBXFileReference; lastKnownFileType = file; path = spaceage.ttf; sourceTree = "<group>"; };
		E39888E82905455900CBFE71 /* Info.plist */ = {isa = PBXFileReference; lastKnownFileType = text.plist; path = Info.plist; sourceTree = "<group>"; };
		E3CFEB5A28FCDD3500903282 /* SwiftUITest.app */ = {isa = PBXFileReference; explicitFileType = wrapper.application; includeInIndex = 0; path = SwiftUITest.app; sourceTree = BUILT_PRODUCTS_DIR; };
		E3CFEB5D28FCDD3500903282 /* SwiftUITestApp.swift */ = {isa = PBXFileReference; lastKnownFileType = sourcecode.swift; path = SwiftUITestApp.swift; sourceTree = "<group>"; };
		E3CFEB5F28FCDD3500903282 /* ContentView.swift */ = {isa = PBXFileReference; lastKnownFileType = sourcecode.swift; path = ContentView.swift; sourceTree = "<group>"; };
		E3CFEB6128FCDD3600903282 /* Assets.xcassets */ = {isa = PBXFileReference; lastKnownFileType = folder.assetcatalog; path = Assets.xcassets; sourceTree = "<group>"; };
		E3CFEB6428FCDD3600903282 /* Preview Assets.xcassets */ = {isa = PBXFileReference; lastKnownFileType = folder.assetcatalog; path = "Preview Assets.xcassets"; sourceTree = "<group>"; };
		E3FFDDDF29054F110073CF9C /* SFPRODISPLAYBOLD.OTF */ = {isa = PBXFileReference; lastKnownFileType = file; name = SFPRODISPLAYBOLD.OTF; path = "../../../../Downloads/sf-pro-display-cufonfonts/SFPRODISPLAYBOLD.OTF"; sourceTree = "<group>"; };
/* End PBXFileReference section */

/* Begin PBXFrameworksBuildPhase section */
		E3CFEB5728FCDD3500903282 /* Frameworks */ = {
			isa = PBXFrameworksBuildPhase;
			buildActionMask = 2147483647;
			files = (
			);
			runOnlyForDeploymentPostprocessing = 0;
		};
/* End PBXFrameworksBuildPhase section */

/* Begin PBXGroup section */
		E3CFEB5128FCDD3500903282 = {
			isa = PBXGroup;
			children = (
				E3CFEB5C28FCDD3500903282 /* SwiftUITest */,
				E3CFEB5B28FCDD3500903282 /* Products */,
			);
			sourceTree = "<group>";
		};
		E3CFEB5B28FCDD3500903282 /* Products */ = {
			isa = PBXGroup;
			children = (
				E3CFEB5A28FCDD3500903282 /* SwiftUITest.app */,
			);
			name = Products;
			sourceTree = "<group>";
		};
		E3CFEB5C28FCDD3500903282 /* SwiftUITest */ = {
			isa = PBXGroup;
			children = (
				E39888E82905455900CBFE71 /* Info.plist */,
				E3FFDDDF29054F110073CF9C /* SFPRODISPLAYBOLD.OTF */,
				E39888E6290544F300CBFE71 /* spaceage.ttf */,
				E3CFEB5D28FCDD3500903282 /* SwiftUITestApp.swift */,
				E3CFEB5F28FCDD3500903282 /* ContentView.swift */,
				E3CFEB6128FCDD3600903282 /* Assets.xcassets */,
				E3152A3329152D19002FE955 /* test_sound_start.mp3 */,
				E3152A3429152D19002FE955 /* test_sound_stop.mp3 */,
				E3CFEB6328FCDD3600903282 /* Preview Content */,
			);
			path = SwiftUITest;
			sourceTree = "<group>";
		};
		E3CFEB6328FCDD3600903282 /* Preview Content */ = {
			isa = PBXGroup;
			children = (
				E3CFEB6428FCDD3600903282 /* Preview Assets.xcassets */,
			);
			path = "Preview Content";
			sourceTree = "<group>";
		};
/* End PBXGroup section */

/* Begin PBXNativeTarget section */
		E3CFEB5928FCDD3500903282 /* SwiftUITest */ = {
			isa = PBXNativeTarget;
			buildConfigurationList = E3CFEB6828FCDD3600903282 /* Build configuration list for PBXNativeTarget "SwiftUITest" */;
			buildPhases = (
				E3CFEB5628FCDD3500903282 /* Sources */,
				E3CFEB5728FCDD3500903282 /* Frameworks */,
				E3CFEB5828FCDD3500903282 /* Resources */,
			);
			buildRules = (
			);
			dependencies = (
			);
			name = SwiftUITest;
			productName = SwiftUITest;
			productReference = E3CFEB5A28FCDD3500903282 /* SwiftUITest.app */;
			productType = "com.apple.product-type.application";
		};
/* End PBXNativeTarget section */

/* Begin PBXProject section */
		E3CFEB5228FCDD3500903282 /* Project object */ = {
			isa = PBXProject;
			attributes = {
				BuildIndependentTargetsInParallel = 1;
				LastSwiftUpdateCheck = 1340;
				LastUpgradeCheck = 1340;
				TargetAttributes = {
					E3CFEB5928FCDD3500903282 = {
						CreatedOnToolsVersion = 13.4.1;
					};
				};
			};
			buildConfigurationList = E3CFEB5528FCDD3500903282 /* Build configuration list for PBXProject "SwiftUITest" */;
			compatibilityVersion = "Xcode 13.0";
			developmentRegion = en;
			hasScannedForEncodings = 0;
			knownRegions = (
				en,
				Base,
			);
			mainGroup = E3CFEB5128FCDD3500903282;
			productRefGroup = E3CFEB5B28FCDD3500903282 /* Products */;
			projectDirPath = "";
			projectRoot = "";
			targets = (
				E3CFEB5928FCDD3500903282 /* SwiftUITest */,
			);
		};
/* End PBXProject section */

/* Begin PBXResourcesBuildPhase section */
		E3CFEB5828FCDD3500903282 /* Resources */ = {
			isa = PBXResourcesBuildPhase;
			buildActionMask = 2147483647;
			files = (
				E3152A3629152D19002FE955 /* test_sound_stop.mp3 in Resources */,
				E3FFDDE029054F110073CF9C /* SFPRODISPLAYBOLD.OTF in Resources */,
				E39888E7290544F300CBFE71 /* spaceage.ttf in Resources */,
				E3CFEB6528FCDD3600903282 /* Preview Assets.xcassets in Resources */,
				E3152A3529152D19002FE955 /* test_sound_start.mp3 in Resources */,
				E3CFEB6228FCDD3600903282 /* Assets.xcassets in Resources */,
			);
			runOnlyForDeploymentPostprocessing = 0;
		};
/* End PBXResourcesBuildPhase section */

/* Begin PBXSourcesBuildPhase section */
		E3CFEB5628FCDD3500903282 /* Sources */ = {
			isa = PBXSourcesBuildPhase;
			buildActionMask = 2147483647;
			files = (
				E3CFEB6028FCDD3500903282 /* ContentView.swift in Sources */,
				E3CFEB5E28FCDD3500903282 /* SwiftUITestApp.swift in Sources */,
			);
			runOnlyForDeploymentPostprocessing = 0;
		};
/* End PBXSourcesBuildPhase section */

/* Begin XCBuildConfiguration section */
		E3CFEB6628FCDD3600903282 /* Debug */ = {
			isa = XCBuildConfiguration;
			buildSettings = {
				ALWAYS_SEARCH_USER_PATHS = NO;
				CLANG_ANALYZER_NONNULL = YES;
				CLANG_ANALYZER_NUMBER_OBJECT_CONVERSION = YES_AGGRESSIVE;
				CLANG_CXX_LANGUAGE_STANDARD = "gnu++17";
				CLANG_ENABLE_MODULES = YES;
				CLANG_ENABLE_OBJC_ARC = YES;
				CLANG_ENABLE_OBJC_WEAK = YES;
				CLANG_WARN_BLOCK_CAPTURE_AUTORELEASING = YES;
				CLANG_WARN_BOOL_CONVERSION = YES;
				CLANG_WARN_COMMA = YES;
				CLANG_WARN_CONSTANT_CONVERSION = YES;
				CLANG_WARN_DEPRECATED_OBJC_IMPLEMENTATIONS = YES;
				CLANG_WARN_DIRECT_OBJC_ISA_USAGE = YES_ERROR;
				CLANG_WARN_DOCUMENTATION_COMMENTS = YES;
				CLANG_WARN_EMPTY_BODY = YES;
				CLANG_WARN_ENUM_CONVERSION = YES;
				CLANG_WARN_INFINITE_RECURSION = YES;
				CLANG_WARN_INT_CONVERSION = YES;
				CLANG_WARN_NON_LITERAL_NULL_CONVERSION = YES;
				CLANG_WARN_OBJC_IMPLICIT_RETAIN_SELF = YES;
				CLANG_WARN_OBJC_LITERAL_CONVERSION = YES;
				CLANG_WARN_OBJC_ROOT_CLASS = YES_ERROR;
				CLANG_WARN_QUOTED_INCLUDE_IN_FRAMEWORK_HEADER = YES;
				CLANG_WARN_RANGE_LOOP_ANALYSIS = YES;
				CLANG_WARN_STRICT_PROTOTYPES = YES;
				CLANG_WARN_SUSPICIOUS_MOVE = YES;
				CLANG_WARN_UNGUARDED_AVAILABILITY = YES_AGGRESSIVE;
				CLANG_WARN_UNREACHABLE_CODE = YES;
				CLANG_WARN__DUPLICATE_METHOD_MATCH = YES;
				COPY_PHASE_STRIP = NO;
				DEBUG_INFORMATION_FORMAT = dwarf;
				ENABLE_STRICT_OBJC_MSGSEND = YES;
				ENABLE_TESTABILITY = YES;
				GCC_C_LANGUAGE_STANDARD = gnu11;
				GCC_DYNAMIC_NO_PIC = NO;
				GCC_NO_COMMON_BLOCKS = YES;
				GCC_OPTIMIZATION_LEVEL = 0;
				GCC_PREPROCESSOR_DEFINITIONS = (
					"DEBUG=1",
					"$(inherited)",
				);
				GCC_WARN_64_TO_32_BIT_CONVERSION = YES;
				GCC_WARN_ABOUT_RETURN_TYPE = YES_ERROR;
				GCC_WARN_UNDECLARED_SELECTOR = YES;
				GCC_WARN_UNINITIALIZED_AUTOS = YES_AGGRESSIVE;
				GCC_WARN_UNUSED_FUNCTION = YES;
				GCC_WARN_UNUSED_VARIABLE = YES;
				IPHONEOS_DEPLOYMENT_TARGET = 15.5;
				MTL_ENABLE_DEBUG_INFO = INCLUDE_SOURCE;
				MTL_FAST_MATH = YES;
				ONLY_ACTIVE_ARCH = YES;
				SDKROOT = iphoneos;
				SWIFT_ACTIVE_COMPILATION_CONDITIONS = DEBUG;
				SWIFT_OPTIMIZATION_LEVEL = "-Onone";
			};
			name = Debug;
		};
		E3CFEB6728FCDD3600903282 /* Release */ = {
			isa = XCBuildConfiguration;
			buildSettings = {
				ALWAYS_SEARCH_USER_PATHS = NO;
				CLANG_ANALYZER_NONNULL = YES;
				CLANG_ANALYZER_NUMBER_OBJECT_CONVERSION = YES_AGGRESSIVE;
				CLANG_CXX_LANGUAGE_STANDARD = "gnu++17";
				CLANG_ENABLE_MODULES = YES;
				CLANG_ENABLE_OBJC_ARC = YES;
				CLANG_ENABLE_OBJC_WEAK = YES;
				CLANG_WARN_BLOCK_CAPTURE_AUTORELEASING = YES;
				CLANG_WARN_BOOL_CONVERSION = YES;
				CLANG_WARN_COMMA = YES;
				CLANG_WARN_CONSTANT_CONVERSION = YES;
				CLANG_WARN_DEPRECATED_OBJC_IMPLEMENTATIONS = YES;
				CLANG_WARN_DIRECT_OBJC_ISA_USAGE = YES_ERROR;
				CLANG_WARN_DOCUMENTATION_COMMENTS = YES;
				CLANG_WARN_EMPTY_BODY = YES;
				CLANG_WARN_ENUM_CONVERSION = YES;
				CLANG_WARN_INFINITE_RECURSION = YES;
				CLANG_WARN_INT_CONVERSION = YES;
				CLANG_WARN_NON_LITERAL_NULL_CONVERSION = YES;
				CLANG_WARN_OBJC_IMPLICIT_RETAIN_SELF = YES;
				CLANG_WARN_OBJC_LITERAL_CONVERSION = YES;
				CLANG_WARN_OBJC_ROOT_CLASS = YES_ERROR;
				CLANG_WARN_QUOTED_INCLUDE_IN_FRAMEWORK_HEADER = YES;
				CLANG_WARN_RANGE_LOOP_ANALYSIS = YES;
				CLANG_WARN_STRICT_PROTOTYPES = YES;
				CLANG_WARN_SUSPICIOUS_MOVE = YES;
				CLANG_WARN_UNGUARDED_AVAILABILITY = YES_AGGRESSIVE;
				CLANG_WARN_UNREACHABLE_CODE = YES;
				CLANG_WARN__DUPLICATE_METHOD_MATCH = YES;
				COPY_PHASE_STRIP = NO;
				DEBUG_INFORMATION_FORMAT = "dwarf-with-dsym";
				ENABLE_NS_ASSERTIONS = NO;
				ENABLE_STRICT_OBJC_MSGSEND = YES;
				GCC_C_LANGUAGE_STANDARD = gnu11;
				GCC_NO_COMMON_BLOCKS = YES;
				GCC_WARN_64_TO_32_BIT_CONVERSION = YES;
				GCC_WARN_ABOUT_RETURN_TYPE = YES_ERROR;
				GCC_WARN_UNDECLARED_SELECTOR = YES;
				GCC_WARN_UNINITIALIZED_AUTOS = YES_AGGRESSIVE;
				GCC_WARN_UNUSED_FUNCTION = YES;
				GCC_WARN_UNUSED_VARIABLE = YES;
				IPHONEOS_DEPLOYMENT_TARGET = 15.5;
				MTL_ENABLE_DEBUG_INFO = NO;
				MTL_FAST_MATH = YES;
				SDKROOT = iphoneos;
				SWIFT_COMPILATION_MODE = wholemodule;
				SWIFT_OPTIMIZATION_LEVEL = "-O";
				VALIDATE_PRODUCT = YES;
			};
			name = Release;
		};
		E3CFEB6928FCDD3600903282 /* Debug */ = {
			isa = XCBuildConfiguration;
			buildSettings = {
				ASSETCATALOG_COMPILER_APPICON_NAME = AppIcon;
				ASSETCATALOG_COMPILER_GLOBAL_ACCENT_COLOR_NAME = AccentColor;
				CODE_SIGN_STYLE = Automatic;
				CURRENT_PROJECT_VERSION = 1;
				DEVELOPMENT_ASSET_PATHS = "\"SwiftUITest/Preview Content\"";
				DEVELOPMENT_TEAM = 72MHAGL49V;
				ENABLE_PREVIEWS = YES;
				GENERATE_INFOPLIST_FILE = YES;
				INFOPLIST_FILE = SwiftUITest/Info.plist;
				INFOPLIST_KEY_CFBundleDisplayName = "AIsaacChat: ИИ чатбот";
				INFOPLIST_KEY_NSMicrophoneUsageDescription = "Необходимо для распознавания речи, после ответа от сервера данные нигде не хранятся";
				INFOPLIST_KEY_NSPhotoLibraryAddUsageDescription = "Разрешение на сохранение фотографий в фотоальбоме";
				INFOPLIST_KEY_NSSpeechRecognitionUsageDescription = "Распознанная речь подается на вход нейронной сети для генерации ответа, либо для генерации изображения с помощью нейронной сети stable diffusion. Данные пользователя нигде не хранятся ";
				INFOPLIST_KEY_UIApplicationSceneManifest_Generation = YES;
				INFOPLIST_KEY_UIApplicationSupportsIndirectInputEvents = YES;
				INFOPLIST_KEY_UILaunchScreen_Generation = YES;
				INFOPLIST_KEY_UISupportedInterfaceOrientations = UIInterfaceOrientationPortrait;
				LD_RUNPATH_SEARCH_PATHS = (
					"$(inherited)",
					"@executable_path/Frameworks",
				);
				MARKETING_VERSION = 1.0;
				PRODUCT_BUNDLE_IDENTIFIER = com.chat.lulu.app;
				PRODUCT_NAME = "$(TARGET_NAME)";
				SUPPORTED_PLATFORMS = "iphoneos iphonesimulator";
				SUPPORTS_MACCATALYST = NO;
				SUPPORTS_MAC_DESIGNED_FOR_IPHONE_IPAD = NO;
				SWIFT_EMIT_LOC_STRINGS = YES;
				SWIFT_VERSION = 5.0;
				TARGETED_DEVICE_FAMILY = 1;
			};
			name = Debug;
		};
		E3CFEB6A28FCDD3600903282 /* Release */ = {
			isa = XCBuildConfiguration;
			buildSettings = {
				ASSETCATALOG_COMPILER_APPICON_NAME = AppIcon;
				ASSETCATALOG_COMPILER_GLOBAL_ACCENT_COLOR_NAME = AccentColor;
				CODE_SIGN_STYLE = Automatic;
				CURRENT_PROJECT_VERSION = 1;
				DEVELOPMENT_ASSET_PATHS = "\"SwiftUITest/Preview Content\"";
				DEVELOPMENT_TEAM = 72MHAGL49V;
				ENABLE_PREVIEWS = YES;
				GENERATE_INFOPLIST_FILE = YES;
				INFOPLIST_FILE = SwiftUITest/Info.plist;
				INFOPLIST_KEY_CFBundleDisplayName = "AIsaacChat: ИИ чатбот";
				INFOPLIST_KEY_NSMicrophoneUsageDescription = "Необходимо для распознавания речи, после ответа от сервера данные нигде не хранятся";
				INFOPLIST_KEY_NSPhotoLibraryAddUsageDescription = "Разрешение на сохранение фотографий в фотоальбоме";
				INFOPLIST_KEY_NSSpeechRecognitionUsageDescription = "Распознанная речь подается на вход нейронной сети для генерации ответа, либо для генерации изображения с помощью нейронной сети stable diffusion. Данные пользователя нигде не хранятся ";
				INFOPLIST_KEY_UIApplicationSceneManifest_Generation = YES;
				INFOPLIST_KEY_UIApplicationSupportsIndirectInputEvents = YES;
				INFOPLIST_KEY_UILaunchScreen_Generation = YES;
				INFOPLIST_KEY_UISupportedInterfaceOrientations = UIInterfaceOrientationPortrait;
				LD_RUNPATH_SEARCH_PATHS = (
					"$(inherited)",
					"@executable_path/Frameworks",
				);
				MARKETING_VERSION = 1.0;
				PRODUCT_BUNDLE_IDENTIFIER = com.chat.lulu.app;
				PRODUCT_NAME = "$(TARGET_NAME)";
				SUPPORTED_PLATFORMS = "iphoneos iphonesimulator";
				SUPPORTS_MACCATALYST = NO;
				SUPPORTS_MAC_DESIGNED_FOR_IPHONE_IPAD = NO;
				SWIFT_EMIT_LOC_STRINGS = YES;
				SWIFT_VERSION = 5.0;
				TARGETED_DEVICE_FAMILY = 1;
			};
			name = Release;
		};
/* End XCBuildConfiguration section */

/* Begin XCConfigurationList section */
		E3CFEB5528FCDD3500903282 /* Build configuration list for PBXProject "SwiftUITest" */ = {
			isa = XCConfigurationList;
			buildConfigurations = (
				E3CFEB6628FCDD3600903282 /* Debug */,
				E3CFEB6728FCDD3600903282 /* Release */,
			);
			defaultConfigurationIsVisible = 0;
			defaultConfigurationName = Release;
		};
		E3CFEB6828FCDD3600903282 /* Build configuration list for PBXNativeTarget "SwiftUITest" */ = {
			isa = XCConfigurationList;
			buildConfigurations = (
				E3CFEB6928FCDD3600903282 /* Debug */,
				E3CFEB6A28FCDD3600903282 /* Release */,
			);
			defaultConfigurationIsVisible = 0;
			defaultConfigurationName = Release;
		};
/* End XCConfigurationList section */
	};
	rootObject = E3CFEB5228FCDD3500903282 /* Project object */;
}
